
Microsoft Visual Studio Solution File, Format Version 12.00
# Visual Studio Version 17
VisualStudioVersion = 17.5.33530.505
MinimumVisualStudioVersion = 10.0.40219.1
Project("{FAE04EC0-301F-11D3-BF4B-00C04F79EFBC}") = "CollectionSort", "CollectionSort\CollectionSort.csproj", "{740BDFE4-B198-4D6C-B478-A8FC2BEF5F2C}"
EndProject
Global
	GlobalSection(SolutionConfigurationPlatforms) = preSolution
		Debug|Any CPU = Debug|Any CPU
		Release|Any CPU = Release|Any CPU
	EndGlobalSection
	GlobalSection(ProjectConfigurationPlatforms) = postSolution
		{740BDFE4-B198-4D6C-B478-A8FC2BEF5F2C}.Debug|Any CPU.ActiveCfg = Debug|Any CPU
		{740BDFE4-B198-4D6C-B478-A8FC2BEF5F2C}.Debug|Any CPU.Build.0 = Debug|Any CPU
		{740BDFE4-B198-4D6C-B478-A8FC2BEF5F2C}.Release|Any CPU.ActiveCfg = Release|Any CPU
		{740BDFE4-B198-4D6C-B478-A8FC2BEF5F2C}.Release|Any CPU.Build.0 = Release|Any CPU
	EndGlobalSection
	GlobalSection(SolutionProperties) = preSolution
		HideSolutionNode = FALSE
	EndGlobalSection
	GlobalSection(ExtensibilityGlobals) = postSolution
		SolutionGuid = {00BB3A79-1B3D-41DD-8AE6-65D9C99387C5}
	EndGlobalSection
EndGlobal
