
Microsoft Visual Studio Solution File, Format Version 12.00
# Visual Studio Version 17
VisualStudioVersion = 17.5.33530.505
MinimumVisualStudioVersion = 10.0.40219.1
Project("{FAE04EC0-301F-11D3-BF4B-00C04F79EFBC}") = "Inheritance", "Inheritance\Inheritance.csproj", "{84771714-0A42-4D13-B887-B6AE81766CB9}"
EndProject
Global
	GlobalSection(SolutionConfigurationPlatforms) = preSolution
		Debug|Any CPU = Debug|Any CPU
		Release|Any CPU = Release|Any CPU
	EndGlobalSection
	GlobalSection(ProjectConfigurationPlatforms) = postSolution
		{84771714-0A42-4D13-B887-B6AE81766CB9}.Debug|Any CPU.ActiveCfg = Debug|Any CPU
		{84771714-0A42-4D13-B887-B6AE81766CB9}.Debug|Any CPU.Build.0 = Debug|Any CPU
		{84771714-0A42-4D13-B887-B6AE81766CB9}.Release|Any CPU.ActiveCfg = Release|Any CPU
		{84771714-0A42-4D13-B887-B6AE81766CB9}.Release|Any CPU.Build.0 = Release|Any CPU
	EndGlobalSection
	GlobalSection(SolutionProperties) = preSolution
		HideSolutionNode = FALSE
	EndGlobalSection
	GlobalSection(ExtensibilityGlobals) = postSolution
		SolutionGuid = {7F0B84A5-EE59-4B3A-81B3-A30947D52249}
	EndGlobalSection
EndGlobal
