
Microsoft Visual Studio Solution File, Format Version 12.00
# Visual Studio Version 17
VisualStudioVersion = 17.5.33530.505
MinimumVisualStudioVersion = 10.0.40219.1
Project("{FAE04EC0-301F-11D3-BF4B-00C04F79EFBC}") = "Polymorphism", "Polymorphism\Polymorphism.csproj", "{48AD550E-0D4C-4F4D-ACFF-62E64A9DD135}"
EndProject
Global
	GlobalSection(SolutionConfigurationPlatforms) = preSolution
		Debug|Any CPU = Debug|Any CPU
		Release|Any CPU = Release|Any CPU
	EndGlobalSection
	GlobalSection(ProjectConfigurationPlatforms) = postSolution
		{48AD550E-0D4C-4F4D-ACFF-62E64A9DD135}.Debug|Any CPU.ActiveCfg = Debug|Any CPU
		{48AD550E-0D4C-4F4D-ACFF-62E64A9DD135}.Debug|Any CPU.Build.0 = Debug|Any CPU
		{48AD550E-0D4C-4F4D-ACFF-62E64A9DD135}.Release|Any CPU.ActiveCfg = Release|Any CPU
		{48AD550E-0D4C-4F4D-ACFF-62E64A9DD135}.Release|Any CPU.Build.0 = Release|Any CPU
	EndGlobalSection
	GlobalSection(SolutionProperties) = preSolution
		HideSolutionNode = FALSE
	EndGlobalSection
	GlobalSection(ExtensibilityGlobals) = postSolution
		SolutionGuid = {FC9B56CA-6432-4967-AA2C-AD88C88B80E2}
	EndGlobalSection
EndGlobal
