
Microsoft Visual Studio Solution File, Format Version 12.00
# Visual Studio Version 17
VisualStudioVersion = 17.5.33530.505
MinimumVisualStudioVersion = 10.0.40219.1
Project("{FAE04EC0-301F-11D3-BF4B-00C04F79EFBC}") = "trycatchexception", "trycatchexception\trycatchexception.csproj", "{0B4D5D39-9446-4D25-B6F2-FAB69C139E71}"
EndProject
Global
	GlobalSection(SolutionConfigurationPlatforms) = preSolution
		Debug|Any CPU = Debug|Any CPU
		Release|Any CPU = Release|Any CPU
	EndGlobalSection
	GlobalSection(ProjectConfigurationPlatforms) = postSolution
		{0B4D5D39-9446-4D25-B6F2-FAB69C139E71}.Debug|Any CPU.ActiveCfg = Debug|Any CPU
		{0B4D5D39-9446-4D25-B6F2-FAB69C139E71}.Debug|Any CPU.Build.0 = Debug|Any CPU
		{0B4D5D39-9446-4D25-B6F2-FAB69C139E71}.Release|Any CPU.ActiveCfg = Release|Any CPU
		{0B4D5D39-9446-4D25-B6F2-FAB69C139E71}.Release|Any CPU.Build.0 = Release|Any CPU
	EndGlobalSection
	GlobalSection(SolutionProperties) = preSolution
		HideSolutionNode = FALSE
	EndGlobalSection
	GlobalSection(ExtensibilityGlobals) = postSolution
		SolutionGuid = {528DECD5-6A86-4B5F-A0CF-D7DA7DB6E0D3}
	EndGlobalSection
EndGlobal
