
Microsoft Visual Studio Solution File, Format Version 12.00
# Visual Studio Version 17
VisualStudioVersion = 17.5.33530.505
MinimumVisualStudioVersion = 10.0.40219.1
Project("{FAE04EC0-301F-11D3-BF4B-00C04F79EFBC}") = "Linkdemo2", "Linkdemo2\Linkdemo2.csproj", "{95EFBA9A-EF89-48A1-A438-E1B4D8A5384B}"
EndProject
Global
	GlobalSection(SolutionConfigurationPlatforms) = preSolution
		Debug|Any CPU = Debug|Any CPU
		Release|Any CPU = Release|Any CPU
	EndGlobalSection
	GlobalSection(ProjectConfigurationPlatforms) = postSolution
		{95EFBA9A-EF89-48A1-A438-E1B4D8A5384B}.Debug|Any CPU.ActiveCfg = Debug|Any CPU
		{95EFBA9A-EF89-48A1-A438-E1B4D8A5384B}.Debug|Any CPU.Build.0 = Debug|Any CPU
		{95EFBA9A-EF89-48A1-A438-E1B4D8A5384B}.Release|Any CPU.ActiveCfg = Release|Any CPU
		{95EFBA9A-EF89-48A1-A438-E1B4D8A5384B}.Release|Any CPU.Build.0 = Release|Any CPU
	EndGlobalSection
	GlobalSection(SolutionProperties) = preSolution
		HideSolutionNode = FALSE
	EndGlobalSection
	GlobalSection(ExtensibilityGlobals) = postSolution
		SolutionGuid = {548AECFA-5379-41E0-8F42-EA65613676C0}
	EndGlobalSection
EndGlobal
